{
  "name": "jlpt-n5-n4-vocabulary-trainer",
  "version": "3.0.0",
  "lockfileVersion": 3,
  "requires": true,
  "packages": {
    "": {
      "name": "jlpt-n5-n4-vocabulary-trainer",
      "version": "3.0.0",
      "description": "Premium JLPT N5–N4 Vocabulary Trainer PWA with SRS, quizzes, games, and analytics.",
      "license": "MIT",
      "scripts": {
        "start": "npx serve . -l 3000",
        "lint":  "echo 'No build step — pure vanilla PWA'"
      }
    }
  }
}
